
Microsoft Visual Studio Solution File, Format Version 12.00
# Visual Studio Version 17
VisualStudioVersion = 17.0.31903.59
MinimumVisualStudioVersion = 10.0.40219.1
Project("{FAE04EC0-301F-11D3-BF4B-00C04F79EFBC}") = "Transport.Domain", "Transport.Domain\Transport.Domain.csproj", "{CF9CF72B-05DE-4115-ADC4-663C851D411E}"
EndProject
Project("{FAE04EC0-301F-11D3-BF4B-00C04F79EFBC}") = "Transport.Application", "Transport.Application\Transport.Application.csproj", "{2130E9DF-2D88-46AF-AAD3-A298EDD9139F}"
EndProject
Project("{FAE04EC0-301F-11D3-BF4B-00C04F79EFBC}") = "Transport.Infrastructure", "Transport.Infrastructure\Transport.Infrastructure.csproj", "{CDC7F0A5-8107-4895-B52E-B9D81F114D3B}"
EndProject
Project("{FAE04EC0-301F-11D3-BF4B-00C04F79EFBC}") = "Transport.Api", "Transport.Api\Transport.Api.csproj", "{42066EA3-4764-4740-8B64-E5AEBF5CC5A8}"
EndProject
Global
	GlobalSection(SolutionConfigurationPlatforms) = preSolution
		Debug|Any CPU = Debug|Any CPU
		Release|Any CPU = Release|Any CPU
	EndGlobalSection
	GlobalSection(SolutionProperties) = preSolution
		HideSolutionNode = FALSE
	EndGlobalSection
	GlobalSection(ProjectConfigurationPlatforms) = postSolution
		{CF9CF72B-05DE-4115-ADC4-663C851D411E}.Debug|Any CPU.ActiveCfg = Debug|Any CPU
		{CF9CF72B-05DE-4115-ADC4-663C851D411E}.Debug|Any CPU.Build.0 = Debug|Any CPU
		{CF9CF72B-05DE-4115-ADC4-663C851D411E}.Release|Any CPU.ActiveCfg = Release|Any CPU
		{CF9CF72B-05DE-4115-ADC4-663C851D411E}.Release|Any CPU.Build.0 = Release|Any CPU
		{2130E9DF-2D88-46AF-AAD3-A298EDD9139F}.Debug|Any CPU.ActiveCfg = Debug|Any CPU
		{2130E9DF-2D88-46AF-AAD3-A298EDD9139F}.Debug|Any CPU.Build.0 = Debug|Any CPU
		{2130E9DF-2D88-46AF-AAD3-A298EDD9139F}.Release|Any CPU.ActiveCfg = Release|Any CPU
		{2130E9DF-2D88-46AF-AAD3-A298EDD9139F}.Release|Any CPU.Build.0 = Release|Any CPU
		{CDC7F0A5-8107-4895-B52E-B9D81F114D3B}.Debug|Any CPU.ActiveCfg = Debug|Any CPU
		{CDC7F0A5-8107-4895-B52E-B9D81F114D3B}.Debug|Any CPU.Build.0 = Debug|Any CPU
		{CDC7F0A5-8107-4895-B52E-B9D81F114D3B}.Release|Any CPU.ActiveCfg = Release|Any CPU
		{CDC7F0A5-8107-4895-B52E-B9D81F114D3B}.Release|Any CPU.Build.0 = Release|Any CPU
		{42066EA3-4764-4740-8B64-E5AEBF5CC5A8}.Debug|Any CPU.ActiveCfg = Debug|Any CPU
		{42066EA3-4764-4740-8B64-E5AEBF5CC5A8}.Debug|Any CPU.Build.0 = Debug|Any CPU
		{42066EA3-4764-4740-8B64-E5AEBF5CC5A8}.Release|Any CPU.ActiveCfg = Release|Any CPU
		{42066EA3-4764-4740-8B64-E5AEBF5CC5A8}.Release|Any CPU.Build.0 = Release|Any CPU
	EndGlobalSection
EndGlobal
